
Microsoft Visual Studio Solution File, Format Version 12.00
# Visual Studio Version 16
VisualStudioVersion = 16.0.31019.35
MinimumVisualStudioVersion = 10.0.40219.1
Project("{FAE04EC0-301F-11D3-BF4B-00C04F79EFBC}") = "TableReader.Core", "TableReader.Core\TableReader.Core.csproj", "{F790B004-E4B2-473F-84B9-8528EEEBB06D}"
EndProject
Project("{FAE04EC0-301F-11D3-BF4B-00C04F79EFBC}") = "MetService", "MetService\MetService.csproj", "{6B640CCC-47A2-4172-85CA-EB18FCD04131}"
EndProject
Project("{FAE04EC0-301F-11D3-BF4B-00C04F79EFBC}") = "TableReader.Win", "TableReader.Win\TableReader.Win.csproj", "{301C64C7-9260-4567-80CB-92A839786720}"
EndProject
Project("{FAE04EC0-301F-11D3-BF4B-00C04F79EFBC}") = "GasOilService", "GasOilService\GasOilService.csproj", "{E10849B8-D669-4919-A935-3C78D5933741}"
EndProject
Project("{FAE04EC0-301F-11D3-BF4B-00C04F79EFBC}") = "GasOil.Generators", "GasOil.Generators\GasOil.Generators.csproj", "{9952C092-FC08-47A7-B4C2-2BFF03161E64}"
EndProject
Project("{2150E333-8FDC-42A3-9474-1A3956D46DE8}") = "Примеры исходных таблиц", "Примеры исходных таблиц", "{510DA0C6-4FDC-4589-894E-12F39A2C06C8}"
	ProjectSection(SolutionItems) = preProject
		..\..\10 - Спецтехника\CergMet\Листы\profnastil.xls = ..\..\10 - Спецтехника\CergMet\Листы\profnastil.xls
		..\..\10 - Спецтехника\CergMet\Листы\Ареал.xls = ..\..\10 - Спецтехника\CergMet\Листы\Ареал.xls
		..\..\10 - Спецтехника\CergMet\Листы\ВестМеркет.xls = ..\..\10 - Спецтехника\CergMet\Листы\ВестМеркет.xls
		..\..\10 - Спецтехника\CergMet\Листы\Дипос.xls = ..\..\10 - Спецтехника\CergMet\Листы\Дипос.xls
		..\..\10 - Спецтехника\CergMet\Листы\Металлсервис.xls = ..\..\10 - Спецтехника\CergMet\Листы\Металлсервис.xls
	EndProjectSection
EndProject
Project("{2150E333-8FDC-42A3-9474-1A3956D46DE8}") = "Примеры обработки", "Примеры обработки", "{76ED2651-6B6A-49F7-A531-4CF1F08FC2FF}"
EndProject
Global
	GlobalSection(SolutionConfigurationPlatforms) = preSolution
		Debug|Any CPU = Debug|Any CPU
		Release|Any CPU = Release|Any CPU
	EndGlobalSection
	GlobalSection(ProjectConfigurationPlatforms) = postSolution
		{F790B004-E4B2-473F-84B9-8528EEEBB06D}.Debug|Any CPU.ActiveCfg = Debug|Any CPU
		{F790B004-E4B2-473F-84B9-8528EEEBB06D}.Debug|Any CPU.Build.0 = Debug|Any CPU
		{F790B004-E4B2-473F-84B9-8528EEEBB06D}.Release|Any CPU.ActiveCfg = Release|Any CPU
		{F790B004-E4B2-473F-84B9-8528EEEBB06D}.Release|Any CPU.Build.0 = Release|Any CPU
		{6B640CCC-47A2-4172-85CA-EB18FCD04131}.Debug|Any CPU.ActiveCfg = Debug|Any CPU
		{6B640CCC-47A2-4172-85CA-EB18FCD04131}.Debug|Any CPU.Build.0 = Debug|Any CPU
		{6B640CCC-47A2-4172-85CA-EB18FCD04131}.Release|Any CPU.ActiveCfg = Release|Any CPU
		{6B640CCC-47A2-4172-85CA-EB18FCD04131}.Release|Any CPU.Build.0 = Release|Any CPU
		{301C64C7-9260-4567-80CB-92A839786720}.Debug|Any CPU.ActiveCfg = Debug|Any CPU
		{301C64C7-9260-4567-80CB-92A839786720}.Debug|Any CPU.Build.0 = Debug|Any CPU
		{301C64C7-9260-4567-80CB-92A839786720}.Release|Any CPU.ActiveCfg = Release|Any CPU
		{301C64C7-9260-4567-80CB-92A839786720}.Release|Any CPU.Build.0 = Release|Any CPU
		{E10849B8-D669-4919-A935-3C78D5933741}.Debug|Any CPU.ActiveCfg = Debug|Any CPU
		{E10849B8-D669-4919-A935-3C78D5933741}.Debug|Any CPU.Build.0 = Debug|Any CPU
		{E10849B8-D669-4919-A935-3C78D5933741}.Release|Any CPU.ActiveCfg = Release|Any CPU
		{E10849B8-D669-4919-A935-3C78D5933741}.Release|Any CPU.Build.0 = Release|Any CPU
		{9952C092-FC08-47A7-B4C2-2BFF03161E64}.Debug|Any CPU.ActiveCfg = Debug|Any CPU
		{9952C092-FC08-47A7-B4C2-2BFF03161E64}.Debug|Any CPU.Build.0 = Debug|Any CPU
		{9952C092-FC08-47A7-B4C2-2BFF03161E64}.Release|Any CPU.ActiveCfg = Release|Any CPU
		{9952C092-FC08-47A7-B4C2-2BFF03161E64}.Release|Any CPU.Build.0 = Release|Any CPU
	EndGlobalSection
	GlobalSection(SolutionProperties) = preSolution
		HideSolutionNode = FALSE
	EndGlobalSection
	GlobalSection(ExtensibilityGlobals) = postSolution
		SolutionGuid = {81C5A62A-4B26-4401-B8DA-BF8EF2C5D687}
	EndGlobalSection
EndGlobal
